
Microsoft Visual Studio Solution File, Format Version 12.00
# Visual Studio Version 17
VisualStudioVersion = 17.5.33516.290
MinimumVisualStudioVersion = 10.0.40219.1
Project("{FAE04EC0-301F-11D3-BF4B-00C04F79EFBC}") = "Lab_2.7", "Lab_2.7\Lab_2.7.csproj", "{16F5F173-D7AE-432F-9D7A-ED52C648A6A1}"
EndProject
Global
	GlobalSection(SolutionConfigurationPlatforms) = preSolution
		Debug|Any CPU = Debug|Any CPU
		Release|Any CPU = Release|Any CPU
	EndGlobalSection
	GlobalSection(ProjectConfigurationPlatforms) = postSolution
		{16F5F173-D7AE-432F-9D7A-ED52C648A6A1}.Debug|Any CPU.ActiveCfg = Debug|Any CPU
		{16F5F173-D7AE-432F-9D7A-ED52C648A6A1}.Debug|Any CPU.Build.0 = Debug|Any CPU
		{16F5F173-D7AE-432F-9D7A-ED52C648A6A1}.Release|Any CPU.ActiveCfg = Release|Any CPU
		{16F5F173-D7AE-432F-9D7A-ED52C648A6A1}.Release|Any CPU.Build.0 = Release|Any CPU
	EndGlobalSection
	GlobalSection(SolutionProperties) = preSolution
		HideSolutionNode = FALSE
	EndGlobalSection
	GlobalSection(ExtensibilityGlobals) = postSolution
		SolutionGuid = {2178BF01-7262-4BEC-ADE8-F9A546CE2E20}
	EndGlobalSection
EndGlobal
